{
  "version": 4,
  "terraform_version": "1.9.2",
  "serial": 16,
  "lineage": "55725612-ae55-34fd-d7e6-d4a398242aff",
  "outputs": {
    "vm-instance-0-internal-ip": {
      "value": "10.128.0.3",
      "type": "string"
    },
    "vm-instance-0-public-ip": {
      "value": "35.208.28.138",
      "type": "string"
    },
    "vm-instance-1-internal-ip": {
      "value": "10.128.0.5",
      "type": "string"
    },
    "vm-instance-1-public-ip": {
      "value": "35.209.230.186",
      "type": "string"
    },
    "vm-instance-2-internal-ip": {
      "value": "10.128.0.4",
      "type": "string"
    },
    "vm-instance-2-public-ip": {
      "value": "35.209.231.147",
      "type": "string"
    },
    "vm-instance-3-internal-ip": {
      "value": "10.128.0.6",
      "type": "string"
    },
    "vm-instance-3-public-ip": {
      "value": "35.208.248.203",
      "type": "string"
    },
    "vm-instance-4-internal-ip": {
      "value": "10.128.0.7",
      "type": "string"
    },
    "vm-instance-4-public-ip": {
      "value": "35.209.197.103",
      "type": "string"
    },
    "vm-instance-5-internal-ip": {
      "value": "10.128.0.8",
      "type": "string"
    },
    "vm-instance-5-public-ip": {
      "value": "35.206.76.198",
      "type": "string"
    },
    "vm-instance-6-internal-ip": {
      "value": "10.128.0.9",
      "type": "string"
    },
    "vm-instance-6-public-ip": {
      "value": "35.209.226.133",
      "type": "string"
    },
    "vm-instance-7-internal-ip": {
      "value": "10.128.0.2",
      "type": "string"
    },
    "vm-instance-7-public-ip": {
      "value": "35.208.208.46",
      "type": "string"
    },
    "vm-instance-8-internal-ip": {
      "value": "10.128.0.10",
      "type": "string"
    },
    "vm-instance-8-public-ip": {
      "value": "35.208.174.149",
      "type": "string"
    }
  },
  "resources": [
    {
      "mode": "managed",
      "type": "google_compute_firewall",
      "name": "hydro-vpc-network-fea95f6a-default-allow-internal",
      "provider": "provider[\"registry.terraform.io/hashicorp/google\"]",
      "instances": [
        {
          "schema_version": 1,
          "attributes": {
            "allow": [
              {
                "ports": [
                  "0-65535"
                ],
                "protocol": "tcp"
              },
              {
                "ports": [
                  "0-65535"
                ],
                "protocol": "udp"
              },
              {
                "ports": [],
                "protocol": "icmp"
              }
            ],
            "creation_timestamp": "2024-07-24T10:15:28.064-07:00",
            "deny": [],
            "description": "",
            "destination_ranges": [],
            "direction": "INGRESS",
            "disabled": false,
            "enable_logging": null,
            "id": "projects/hydroflow-work/global/firewalls/hydro-vpc-network-fea95f6a-default-allow-internal",
            "log_config": [],
            "name": "hydro-vpc-network-fea95f6a-default-allow-internal",
            "network": "https://www.googleapis.com/compute/v1/projects/hydroflow-work/global/networks/hydro-vpc-network-fea95f6a",
            "priority": 1000,
            "project": "hydroflow-work",
            "self_link": "https://www.googleapis.com/compute/v1/projects/hydroflow-work/global/firewalls/hydro-vpc-network-fea95f6a-default-allow-internal",
            "source_ranges": [
              "10.128.0.0/9"
            ],
            "source_service_accounts": null,
            "source_tags": null,
            "target_service_accounts": null,
            "target_tags": null,
            "timeouts": null
          },
          "sensitive_attributes": [],
          "private": "eyJlMmJmYjczMC1lY2FhLTExZTYtOGY4OC0zNDM2M2JjN2M0YzAiOnsiY3JlYXRlIjoxMjAwMDAwMDAwMDAwLCJkZWxldGUiOjEyMDAwMDAwMDAwMDAsInVwZGF0ZSI6MTIwMDAwMDAwMDAwMH0sInNjaGVtYV92ZXJzaW9uIjoiMSJ9",
          "dependencies": [
            "google_compute_network.hydro-vpc-network-fea95f6a"
          ]
        }
      ]
    },
    {
      "mode": "managed",
      "type": "google_compute_firewall",
      "name": "hydro-vpc-network-fea95f6a-default-allow-ping",
      "provider": "provider[\"registry.terraform.io/hashicorp/google\"]",
      "instances": [
        {
          "schema_version": 1,
          "attributes": {
            "allow": [
              {
                "ports": [],
                "protocol": "icmp"
              }
            ],
            "creation_timestamp": "2024-07-24T10:15:28.096-07:00",
            "deny": [],
            "description": "",
            "destination_ranges": [],
            "direction": "INGRESS",
            "disabled": false,
            "enable_logging": null,
            "id": "projects/hydroflow-work/global/firewalls/hydro-vpc-network-fea95f6a-default-allow-ping",
            "log_config": [],
            "name": "hydro-vpc-network-fea95f6a-default-allow-ping",
            "network": "https://www.googleapis.com/compute/v1/projects/hydroflow-work/global/networks/hydro-vpc-network-fea95f6a",
            "priority": 1000,
            "project": "hydroflow-work",
            "self_link": "https://www.googleapis.com/compute/v1/projects/hydroflow-work/global/firewalls/hydro-vpc-network-fea95f6a-default-allow-ping",
            "source_ranges": [
              "0.0.0.0/0"
            ],
            "source_service_accounts": null,
            "source_tags": null,
            "target_service_accounts": null,
            "target_tags": null,
            "timeouts": null
          },
          "sensitive_attributes": [],
          "private": "eyJlMmJmYjczMC1lY2FhLTExZTYtOGY4OC0zNDM2M2JjN2M0YzAiOnsiY3JlYXRlIjoxMjAwMDAwMDAwMDAwLCJkZWxldGUiOjEyMDAwMDAwMDAwMDAsInVwZGF0ZSI6MTIwMDAwMDAwMDAwMH0sInNjaGVtYV92ZXJzaW9uIjoiMSJ9",
          "dependencies": [
            "google_compute_network.hydro-vpc-network-fea95f6a"
          ]
        }
      ]
    },
    {
      "mode": "managed",
      "type": "google_compute_firewall",
      "name": "open-external-port-22",
      "provider": "provider[\"registry.terraform.io/hashicorp/google\"]",
      "instances": [
        {
          "schema_version": 1,
          "attributes": {
            "allow": [
              {
                "ports": [
                  "22"
                ],
                "protocol": "tcp"
              }
            ],
            "creation_timestamp": "2024-07-24T10:15:28.184-07:00",
            "deny": [],
            "description": "",
            "destination_ranges": [],
            "direction": "INGRESS",
            "disabled": false,
            "enable_logging": null,
            "id": "projects/hydroflow-work/global/firewalls/open-external-port-22-04d5774f",
            "log_config": [],
            "name": "open-external-port-22-04d5774f",
            "network": "https://www.googleapis.com/compute/v1/projects/hydroflow-work/global/networks/hydro-vpc-network-fea95f6a",
            "priority": 1000,
            "project": "hydroflow-work",
            "self_link": "https://www.googleapis.com/compute/v1/projects/hydroflow-work/global/firewalls/open-external-port-22-04d5774f",
            "source_ranges": [
              "0.0.0.0/0"
            ],
            "source_service_accounts": null,
            "source_tags": null,
            "target_service_accounts": null,
            "target_tags": [
              "open-external-port-tag-22-04d5774f"
            ],
            "timeouts": null
          },
          "sensitive_attributes": [],
          "private": "eyJlMmJmYjczMC1lY2FhLTExZTYtOGY4OC0zNDM2M2JjN2M0YzAiOnsiY3JlYXRlIjoxMjAwMDAwMDAwMDAwLCJkZWxldGUiOjEyMDAwMDAwMDAwMDAsInVwZGF0ZSI6MTIwMDAwMDAwMDAwMH0sInNjaGVtYV92ZXJzaW9uIjoiMSJ9",
          "dependencies": [
            "google_compute_network.hydro-vpc-network-fea95f6a"
          ]
        }
      ]
    },
    {
      "mode": "managed",
      "type": "google_compute_instance",
      "name": "vm-instance-0",
      "provider": "provider[\"registry.terraform.io/hashicorp/google\"]",
      "instances": [
        {
          "schema_version": 6,
          "attributes": {
            "advanced_machine_features": [],
            "allow_stopping_for_update": null,
            "attached_disk": [],
            "boot_disk": [
              {
                "auto_delete": true,
                "device_name": "persistent-disk-0",
                "disk_encryption_key_raw": "",
                "disk_encryption_key_sha256": "",
                "initialize_params": [
                  {
                    "image": "https://www.googleapis.com/compute/v1/projects/debian-cloud/global/images/debian-12-bookworm-v20240709",
                    "labels": {},
                    "size": 10,
                    "type": "pd-standard"
                  }
                ],
                "kms_key_self_link": "",
                "mode": "READ_WRITE",
                "source": "https://www.googleapis.com/compute/v1/projects/hydroflow-work/zones/us-central1-a/disks/hydro-vm-instance-1b59f98d"
              }
            ],
            "can_ip_forward": false,
            "confidential_instance_config": [],
            "cpu_platform": "Intel Broadwell",
            "current_status": "RUNNING",
            "deletion_protection": false,
            "description": "",
            "desired_status": null,
            "enable_display": false,
            "guest_accelerator": [],
            "hostname": "",
            "id": "projects/hydroflow-work/zones/us-central1-a/instances/hydro-vm-instance-1b59f98d",
            "instance_id": "5066524986601932894",
            "label_fingerprint": "42WmSpB8rSM=",
            "labels": null,
            "machine_type": "e2-micro",
            "metadata": {
              "ssh-keys": "hydro:ssh-rsa AAAAB3NzaC1yc2EAAAADAQABAAACAQDDowTwcNqXxAPwYH840IZ4Pkk3H2YcvqszE+OkjPf+YUnKk7qB1iUvmlZsZ+uoH9+Xw3rVcvXWLigXdj9hqqJfepPeq60Ucm+LaYm4qOpikkSm/DHjkNu/YFrARfMxTqiizQnm5jEMdieoOW99qrNRdUm08hz3fuM7ZVdPygvA8kk6yX1iPBLqPG4IobZYKFBY/rciULovM9PZQKxmsBGg0LH7CcFZRuJlpwEmjmPnsmVMf0uuPrAvskYtxYPdE/ordi86R3o+bGcG4s1MeAFXUKn4p5RTHOTzPyAMIg7Ixv/natvNZCJFPFrcl/7eiXX1GLY1uCiOnFX9wDCUQ9Ju877XFRFNq1rleqd+Ka8BRvok71p0hlTUt9+51cgvCKrwkn06/ULhKHOxhc+vamsTJ3G5FoeUOMshDmO6R/LdflRFu37xkkpEX9xAFE9k9r7iWFWEiSqKTgtz5xqXFExA6vt6GIa4DzO/X4t6Bm2D974MAviApAyhxq+zQWMsf86Nq4DBzpSwhw4+g174WQdA9eNU6rBfm1nAeehQkZRIDtUXk6zBOvsJ9VldzkIgGe7Oal5gYkgpSAcXPbX+EBFReYW3aPsWQATReWMaFa48aAnrDJT5uNoOInwA8f1onREaCQvztyDm0YebPCF46RXUH6R3agAxZj1/3ikwdH3TCw==\n"
            },
            "metadata_fingerprint": "73sVacabPxk=",
            "metadata_startup_script": null,
            "min_cpu_platform": "",
            "name": "hydro-vm-instance-1b59f98d",
            "network_interface": [
              {
                "access_config": [
                  {
                    "nat_ip": "35.208.28.138",
                    "network_tier": "STANDARD",
                    "public_ptr_domain_name": ""
                  }
                ],
                "alias_ip_range": [],
                "ipv6_access_config": [],
                "ipv6_access_type": "",
                "name": "nic0",
                "network": "https://www.googleapis.com/compute/v1/projects/hydroflow-work/global/networks/hydro-vpc-network-fea95f6a",
                "network_ip": "10.128.0.3",
                "nic_type": "",
                "queue_count": 0,
                "stack_type": "IPV4_ONLY",
                "subnetwork": "https://www.googleapis.com/compute/v1/projects/hydroflow-work/regions/us-central1/subnetworks/hydro-vpc-network-fea95f6a",
                "subnetwork_project": "hydroflow-work"
              }
            ],
            "project": "hydroflow-work",
            "reservation_affinity": [],
            "resource_policies": null,
            "scheduling": [
              {
                "automatic_restart": true,
                "instance_termination_action": "",
                "min_node_cpus": 0,
                "node_affinities": [],
                "on_host_maintenance": "MIGRATE",
                "preemptible": false,
                "provisioning_model": "STANDARD"
              }
            ],
            "scratch_disk": [],
            "self_link": "https://www.googleapis.com/compute/v1/projects/hydroflow-work/zones/us-central1-a/instances/hydro-vm-instance-1b59f98d",
            "service_account": [],
            "shielded_instance_config": [
              {
                "enable_integrity_monitoring": true,
                "enable_secure_boot": false,
                "enable_vtpm": true
              }
            ],
            "tags": [
              "open-external-port-tag-22-04d5774f"
            ],
            "tags_fingerprint": "b98oSeQpJ8Q=",
            "timeouts": null,
            "zone": "us-central1-a"
          },
          "sensitive_attributes": [
            [
              {
                "type": "get_attr",
                "value": "boot_disk"
              },
              {
                "type": "index",
                "value": {
                  "value": 0,
                  "type": "number"
                }
              },
              {
                "type": "get_attr",
                "value": "disk_encryption_key_raw"
              }
            ]
          ],
          "private": "eyJlMmJmYjczMC1lY2FhLTExZTYtOGY4OC0zNDM2M2JjN2M0YzAiOnsiY3JlYXRlIjoxMjAwMDAwMDAwMDAwLCJkZWxldGUiOjEyMDAwMDAwMDAwMDAsInVwZGF0ZSI6MTIwMDAwMDAwMDAwMH0sInNjaGVtYV92ZXJzaW9uIjoiNiJ9",
          "dependencies": [
            "google_compute_network.hydro-vpc-network-fea95f6a",
            "tls_private_key.vm_instance_ssh_key"
          ]
        }
      ]
    },
    {
      "mode": "managed",
      "type": "google_compute_instance",
      "name": "vm-instance-1",
      "provider": "provider[\"registry.terraform.io/hashicorp/google\"]",
      "instances": [
        {
          "schema_version": 6,
          "attributes": {
            "advanced_machine_features": [],
            "allow_stopping_for_update": null,
            "attached_disk": [],
            "boot_disk": [
              {
                "auto_delete": true,
                "device_name": "persistent-disk-0",
                "disk_encryption_key_raw": "",
                "disk_encryption_key_sha256": "",
                "initialize_params": [
                  {
                    "image": "https://www.googleapis.com/compute/v1/projects/debian-cloud/global/images/debian-12-bookworm-v20240709",
                    "labels": {},
                    "size": 10,
                    "type": "pd-standard"
                  }
                ],
                "kms_key_self_link": "",
                "mode": "READ_WRITE",
                "source": "https://www.googleapis.com/compute/v1/projects/hydroflow-work/zones/us-central1-a/disks/hydro-vm-instance-f0aec96f"
              }
            ],
            "can_ip_forward": false,
            "confidential_instance_config": [],
            "cpu_platform": "Intel Broadwell",
            "current_status": "RUNNING",
            "deletion_protection": false,
            "description": "",
            "desired_status": null,
            "enable_display": false,
            "guest_accelerator": [],
            "hostname": "",
            "id": "projects/hydroflow-work/zones/us-central1-a/instances/hydro-vm-instance-f0aec96f",
            "instance_id": "2455175327216601182",
            "label_fingerprint": "42WmSpB8rSM=",
            "labels": null,
            "machine_type": "e2-micro",
            "metadata": {
              "ssh-keys": "hydro:ssh-rsa AAAAB3NzaC1yc2EAAAADAQABAAACAQDDowTwcNqXxAPwYH840IZ4Pkk3H2YcvqszE+OkjPf+YUnKk7qB1iUvmlZsZ+uoH9+Xw3rVcvXWLigXdj9hqqJfepPeq60Ucm+LaYm4qOpikkSm/DHjkNu/YFrARfMxTqiizQnm5jEMdieoOW99qrNRdUm08hz3fuM7ZVdPygvA8kk6yX1iPBLqPG4IobZYKFBY/rciULovM9PZQKxmsBGg0LH7CcFZRuJlpwEmjmPnsmVMf0uuPrAvskYtxYPdE/ordi86R3o+bGcG4s1MeAFXUKn4p5RTHOTzPyAMIg7Ixv/natvNZCJFPFrcl/7eiXX1GLY1uCiOnFX9wDCUQ9Ju877XFRFNq1rleqd+Ka8BRvok71p0hlTUt9+51cgvCKrwkn06/ULhKHOxhc+vamsTJ3G5FoeUOMshDmO6R/LdflRFu37xkkpEX9xAFE9k9r7iWFWEiSqKTgtz5xqXFExA6vt6GIa4DzO/X4t6Bm2D974MAviApAyhxq+zQWMsf86Nq4DBzpSwhw4+g174WQdA9eNU6rBfm1nAeehQkZRIDtUXk6zBOvsJ9VldzkIgGe7Oal5gYkgpSAcXPbX+EBFReYW3aPsWQATReWMaFa48aAnrDJT5uNoOInwA8f1onREaCQvztyDm0YebPCF46RXUH6R3agAxZj1/3ikwdH3TCw==\n"
            },
            "metadata_fingerprint": "73sVacabPxk=",
            "metadata_startup_script": null,
            "min_cpu_platform": "",
            "name": "hydro-vm-instance-f0aec96f",
            "network_interface": [
              {
                "access_config": [
                  {
                    "nat_ip": "35.209.230.186",
                    "network_tier": "STANDARD",
                    "public_ptr_domain_name": ""
                  }
                ],
                "alias_ip_range": [],
                "ipv6_access_config": [],
                "ipv6_access_type": "",
                "name": "nic0",
                "network": "https://www.googleapis.com/compute/v1/projects/hydroflow-work/global/networks/hydro-vpc-network-fea95f6a",
                "network_ip": "10.128.0.5",
                "nic_type": "",
                "queue_count": 0,
                "stack_type": "IPV4_ONLY",
                "subnetwork": "https://www.googleapis.com/compute/v1/projects/hydroflow-work/regions/us-central1/subnetworks/hydro-vpc-network-fea95f6a",
                "subnetwork_project": "hydroflow-work"
              }
            ],
            "project": "hydroflow-work",
            "reservation_affinity": [],
            "resource_policies": null,
            "scheduling": [
              {
                "automatic_restart": true,
                "instance_termination_action": "",
                "min_node_cpus": 0,
                "node_affinities": [],
                "on_host_maintenance": "MIGRATE",
                "preemptible": false,
                "provisioning_model": "STANDARD"
              }
            ],
            "scratch_disk": [],
            "self_link": "https://www.googleapis.com/compute/v1/projects/hydroflow-work/zones/us-central1-a/instances/hydro-vm-instance-f0aec96f",
            "service_account": [],
            "shielded_instance_config": [
              {
                "enable_integrity_monitoring": true,
                "enable_secure_boot": false,
                "enable_vtpm": true
              }
            ],
            "tags": [
              "open-external-port-tag-22-04d5774f"
            ],
            "tags_fingerprint": "b98oSeQpJ8Q=",
            "timeouts": null,
            "zone": "us-central1-a"
          },
          "sensitive_attributes": [
            [
              {
                "type": "get_attr",
                "value": "boot_disk"
              },
              {
                "type": "index",
                "value": {
                  "value": 0,
                  "type": "number"
                }
              },
              {
                "type": "get_attr",
                "value": "disk_encryption_key_raw"
              }
            ]
          ],
          "private": "eyJlMmJmYjczMC1lY2FhLTExZTYtOGY4OC0zNDM2M2JjN2M0YzAiOnsiY3JlYXRlIjoxMjAwMDAwMDAwMDAwLCJkZWxldGUiOjEyMDAwMDAwMDAwMDAsInVwZGF0ZSI6MTIwMDAwMDAwMDAwMH0sInNjaGVtYV92ZXJzaW9uIjoiNiJ9",
          "dependencies": [
            "google_compute_network.hydro-vpc-network-fea95f6a",
            "tls_private_key.vm_instance_ssh_key"
          ]
        }
      ]
    },
    {
      "mode": "managed",
      "type": "google_compute_instance",
      "name": "vm-instance-2",
      "provider": "provider[\"registry.terraform.io/hashicorp/google\"]",
      "instances": [
        {
          "schema_version": 6,
          "attributes": {
            "advanced_machine_features": [],
            "allow_stopping_for_update": null,
            "attached_disk": [],
            "boot_disk": [
              {
                "auto_delete": true,
                "device_name": "persistent-disk-0",
                "disk_encryption_key_raw": "",
                "disk_encryption_key_sha256": "",
                "initialize_params": [
                  {
                    "image": "https://www.googleapis.com/compute/v1/projects/debian-cloud/global/images/debian-12-bookworm-v20240709",
                    "labels": {},
                    "size": 10,
                    "type": "pd-standard"
                  }
                ],
                "kms_key_self_link": "",
                "mode": "READ_WRITE",
                "source": "https://www.googleapis.com/compute/v1/projects/hydroflow-work/zones/us-central1-a/disks/hydro-vm-instance-a92a425b"
              }
            ],
            "can_ip_forward": false,
            "confidential_instance_config": [],
            "cpu_platform": "Intel Broadwell",
            "current_status": "RUNNING",
            "deletion_protection": false,
            "description": "",
            "desired_status": null,
            "enable_display": false,
            "guest_accelerator": [],
            "hostname": "",
            "id": "projects/hydroflow-work/zones/us-central1-a/instances/hydro-vm-instance-a92a425b",
            "instance_id": "3418433588587956318",
            "label_fingerprint": "42WmSpB8rSM=",
            "labels": null,
            "machine_type": "e2-micro",
            "metadata": {
              "ssh-keys": "hydro:ssh-rsa AAAAB3NzaC1yc2EAAAADAQABAAACAQDDowTwcNqXxAPwYH840IZ4Pkk3H2YcvqszE+OkjPf+YUnKk7qB1iUvmlZsZ+uoH9+Xw3rVcvXWLigXdj9hqqJfepPeq60Ucm+LaYm4qOpikkSm/DHjkNu/YFrARfMxTqiizQnm5jEMdieoOW99qrNRdUm08hz3fuM7ZVdPygvA8kk6yX1iPBLqPG4IobZYKFBY/rciULovM9PZQKxmsBGg0LH7CcFZRuJlpwEmjmPnsmVMf0uuPrAvskYtxYPdE/ordi86R3o+bGcG4s1MeAFXUKn4p5RTHOTzPyAMIg7Ixv/natvNZCJFPFrcl/7eiXX1GLY1uCiOnFX9wDCUQ9Ju877XFRFNq1rleqd+Ka8BRvok71p0hlTUt9+51cgvCKrwkn06/ULhKHOxhc+vamsTJ3G5FoeUOMshDmO6R/LdflRFu37xkkpEX9xAFE9k9r7iWFWEiSqKTgtz5xqXFExA6vt6GIa4DzO/X4t6Bm2D974MAviApAyhxq+zQWMsf86Nq4DBzpSwhw4+g174WQdA9eNU6rBfm1nAeehQkZRIDtUXk6zBOvsJ9VldzkIgGe7Oal5gYkgpSAcXPbX+EBFReYW3aPsWQATReWMaFa48aAnrDJT5uNoOInwA8f1onREaCQvztyDm0YebPCF46RXUH6R3agAxZj1/3ikwdH3TCw==\n"
            },
            "metadata_fingerprint": "73sVacabPxk=",
            "metadata_startup_script": null,
            "min_cpu_platform": "",
            "name": "hydro-vm-instance-a92a425b",
            "network_interface": [
              {
                "access_config": [
                  {
                    "nat_ip": "35.209.231.147",
                    "network_tier": "STANDARD",
                    "public_ptr_domain_name": ""
                  }
                ],
                "alias_ip_range": [],
                "ipv6_access_config": [],
                "ipv6_access_type": "",
                "name": "nic0",
                "network": "https://www.googleapis.com/compute/v1/projects/hydroflow-work/global/networks/hydro-vpc-network-fea95f6a",
                "network_ip": "10.128.0.4",
                "nic_type": "",
                "queue_count": 0,
                "stack_type": "IPV4_ONLY",
                "subnetwork": "https://www.googleapis.com/compute/v1/projects/hydroflow-work/regions/us-central1/subnetworks/hydro-vpc-network-fea95f6a",
                "subnetwork_project": "hydroflow-work"
              }
            ],
            "project": "hydroflow-work",
            "reservation_affinity": [],
            "resource_policies": null,
            "scheduling": [
              {
                "automatic_restart": true,
                "instance_termination_action": "",
                "min_node_cpus": 0,
                "node_affinities": [],
                "on_host_maintenance": "MIGRATE",
                "preemptible": false,
                "provisioning_model": "STANDARD"
              }
            ],
            "scratch_disk": [],
            "self_link": "https://www.googleapis.com/compute/v1/projects/hydroflow-work/zones/us-central1-a/instances/hydro-vm-instance-a92a425b",
            "service_account": [],
            "shielded_instance_config": [
              {
                "enable_integrity_monitoring": true,
                "enable_secure_boot": false,
                "enable_vtpm": true
              }
            ],
            "tags": [
              "open-external-port-tag-22-04d5774f"
            ],
            "tags_fingerprint": "b98oSeQpJ8Q=",
            "timeouts": null,
            "zone": "us-central1-a"
          },
          "sensitive_attributes": [
            [
              {
                "type": "get_attr",
                "value": "boot_disk"
              },
              {
                "type": "index",
                "value": {
                  "value": 0,
                  "type": "number"
                }
              },
              {
                "type": "get_attr",
                "value": "disk_encryption_key_raw"
              }
            ]
          ],
          "private": "eyJlMmJmYjczMC1lY2FhLTExZTYtOGY4OC0zNDM2M2JjN2M0YzAiOnsiY3JlYXRlIjoxMjAwMDAwMDAwMDAwLCJkZWxldGUiOjEyMDAwMDAwMDAwMDAsInVwZGF0ZSI6MTIwMDAwMDAwMDAwMH0sInNjaGVtYV92ZXJzaW9uIjoiNiJ9",
          "dependencies": [
            "google_compute_network.hydro-vpc-network-fea95f6a",
            "tls_private_key.vm_instance_ssh_key"
          ]
        }
      ]
    },
    {
      "mode": "managed",
      "type": "google_compute_instance",
      "name": "vm-instance-3",
      "provider": "provider[\"registry.terraform.io/hashicorp/google\"]",
      "instances": [
        {
          "schema_version": 6,
          "attributes": {
            "advanced_machine_features": [],
            "allow_stopping_for_update": null,
            "attached_disk": [],
            "boot_disk": [
              {
                "auto_delete": true,
                "device_name": "persistent-disk-0",
                "disk_encryption_key_raw": "",
                "disk_encryption_key_sha256": "",
                "initialize_params": [
                  {
                    "image": "https://www.googleapis.com/compute/v1/projects/debian-cloud/global/images/debian-12-bookworm-v20240709",
                    "labels": {},
                    "size": 10,
                    "type": "pd-standard"
                  }
                ],
                "kms_key_self_link": "",
                "mode": "READ_WRITE",
                "source": "https://www.googleapis.com/compute/v1/projects/hydroflow-work/zones/us-central1-a/disks/hydro-vm-instance-64df4af7"
              }
            ],
            "can_ip_forward": false,
            "confidential_instance_config": [],
            "cpu_platform": "AMD Rome",
            "current_status": "RUNNING",
            "deletion_protection": false,
            "description": "",
            "desired_status": null,
            "enable_display": false,
            "guest_accelerator": [],
            "hostname": "",
            "id": "projects/hydroflow-work/zones/us-central1-a/instances/hydro-vm-instance-64df4af7",
            "instance_id": "567300358948030557",
            "label_fingerprint": "42WmSpB8rSM=",
            "labels": null,
            "machine_type": "e2-micro",
            "metadata": {
              "ssh-keys": "hydro:ssh-rsa AAAAB3NzaC1yc2EAAAADAQABAAACAQDDowTwcNqXxAPwYH840IZ4Pkk3H2YcvqszE+OkjPf+YUnKk7qB1iUvmlZsZ+uoH9+Xw3rVcvXWLigXdj9hqqJfepPeq60Ucm+LaYm4qOpikkSm/DHjkNu/YFrARfMxTqiizQnm5jEMdieoOW99qrNRdUm08hz3fuM7ZVdPygvA8kk6yX1iPBLqPG4IobZYKFBY/rciULovM9PZQKxmsBGg0LH7CcFZRuJlpwEmjmPnsmVMf0uuPrAvskYtxYPdE/ordi86R3o+bGcG4s1MeAFXUKn4p5RTHOTzPyAMIg7Ixv/natvNZCJFPFrcl/7eiXX1GLY1uCiOnFX9wDCUQ9Ju877XFRFNq1rleqd+Ka8BRvok71p0hlTUt9+51cgvCKrwkn06/ULhKHOxhc+vamsTJ3G5FoeUOMshDmO6R/LdflRFu37xkkpEX9xAFE9k9r7iWFWEiSqKTgtz5xqXFExA6vt6GIa4DzO/X4t6Bm2D974MAviApAyhxq+zQWMsf86Nq4DBzpSwhw4+g174WQdA9eNU6rBfm1nAeehQkZRIDtUXk6zBOvsJ9VldzkIgGe7Oal5gYkgpSAcXPbX+EBFReYW3aPsWQATReWMaFa48aAnrDJT5uNoOInwA8f1onREaCQvztyDm0YebPCF46RXUH6R3agAxZj1/3ikwdH3TCw==\n"
            },
            "metadata_fingerprint": "73sVacabPxk=",
            "metadata_startup_script": null,
            "min_cpu_platform": "",
            "name": "hydro-vm-instance-64df4af7",
            "network_interface": [
              {
                "access_config": [
                  {
                    "nat_ip": "35.208.248.203",
                    "network_tier": "STANDARD",
                    "public_ptr_domain_name": ""
                  }
                ],
                "alias_ip_range": [],
                "ipv6_access_config": [],
                "ipv6_access_type": "",
                "name": "nic0",
                "network": "https://www.googleapis.com/compute/v1/projects/hydroflow-work/global/networks/hydro-vpc-network-fea95f6a",
                "network_ip": "10.128.0.6",
                "nic_type": "",
                "queue_count": 0,
                "stack_type": "IPV4_ONLY",
                "subnetwork": "https://www.googleapis.com/compute/v1/projects/hydroflow-work/regions/us-central1/subnetworks/hydro-vpc-network-fea95f6a",
                "subnetwork_project": "hydroflow-work"
              }
            ],
            "project": "hydroflow-work",
            "reservation_affinity": [],
            "resource_policies": null,
            "scheduling": [
              {
                "automatic_restart": true,
                "instance_termination_action": "",
                "min_node_cpus": 0,
                "node_affinities": [],
                "on_host_maintenance": "MIGRATE",
                "preemptible": false,
                "provisioning_model": "STANDARD"
              }
            ],
            "scratch_disk": [],
            "self_link": "https://www.googleapis.com/compute/v1/projects/hydroflow-work/zones/us-central1-a/instances/hydro-vm-instance-64df4af7",
            "service_account": [],
            "shielded_instance_config": [
              {
                "enable_integrity_monitoring": true,
                "enable_secure_boot": false,
                "enable_vtpm": true
              }
            ],
            "tags": [
              "open-external-port-tag-22-04d5774f"
            ],
            "tags_fingerprint": "b98oSeQpJ8Q=",
            "timeouts": null,
            "zone": "us-central1-a"
          },
          "sensitive_attributes": [
            [
              {
                "type": "get_attr",
                "value": "boot_disk"
              },
              {
                "type": "index",
                "value": {
                  "value": 0,
                  "type": "number"
                }
              },
              {
                "type": "get_attr",
                "value": "disk_encryption_key_raw"
              }
            ]
          ],
          "private": "eyJlMmJmYjczMC1lY2FhLTExZTYtOGY4OC0zNDM2M2JjN2M0YzAiOnsiY3JlYXRlIjoxMjAwMDAwMDAwMDAwLCJkZWxldGUiOjEyMDAwMDAwMDAwMDAsInVwZGF0ZSI6MTIwMDAwMDAwMDAwMH0sInNjaGVtYV92ZXJzaW9uIjoiNiJ9",
          "dependencies": [
            "google_compute_network.hydro-vpc-network-fea95f6a",
            "tls_private_key.vm_instance_ssh_key"
          ]
        }
      ]
    },
    {
      "mode": "managed",
      "type": "google_compute_instance",
      "name": "vm-instance-4",
      "provider": "provider[\"registry.terraform.io/hashicorp/google\"]",
      "instances": [
        {
          "schema_version": 6,
          "attributes": {
            "advanced_machine_features": [],
            "allow_stopping_for_update": null,
            "attached_disk": [],
            "boot_disk": [
              {
                "auto_delete": true,
                "device_name": "persistent-disk-0",
                "disk_encryption_key_raw": "",
                "disk_encryption_key_sha256": "",
                "initialize_params": [
                  {
                    "image": "https://www.googleapis.com/compute/v1/projects/debian-cloud/global/images/debian-12-bookworm-v20240709",
                    "labels": {},
                    "size": 10,
                    "type": "pd-standard"
                  }
                ],
                "kms_key_self_link": "",
                "mode": "READ_WRITE",
                "source": "https://www.googleapis.com/compute/v1/projects/hydroflow-work/zones/us-central1-a/disks/hydro-vm-instance-cd317432"
              }
            ],
            "can_ip_forward": false,
            "confidential_instance_config": [],
            "cpu_platform": "Intel Broadwell",
            "current_status": "RUNNING",
            "deletion_protection": false,
            "description": "",
            "desired_status": null,
            "enable_display": false,
            "guest_accelerator": [],
            "hostname": "",
            "id": "projects/hydroflow-work/zones/us-central1-a/instances/hydro-vm-instance-cd317432",
            "instance_id": "8454542477000214621",
            "label_fingerprint": "42WmSpB8rSM=",
            "labels": null,
            "machine_type": "e2-micro",
            "metadata": {
              "ssh-keys": "hydro:ssh-rsa AAAAB3NzaC1yc2EAAAADAQABAAACAQDDowTwcNqXxAPwYH840IZ4Pkk3H2YcvqszE+OkjPf+YUnKk7qB1iUvmlZsZ+uoH9+Xw3rVcvXWLigXdj9hqqJfepPeq60Ucm+LaYm4qOpikkSm/DHjkNu/YFrARfMxTqiizQnm5jEMdieoOW99qrNRdUm08hz3fuM7ZVdPygvA8kk6yX1iPBLqPG4IobZYKFBY/rciULovM9PZQKxmsBGg0LH7CcFZRuJlpwEmjmPnsmVMf0uuPrAvskYtxYPdE/ordi86R3o+bGcG4s1MeAFXUKn4p5RTHOTzPyAMIg7Ixv/natvNZCJFPFrcl/7eiXX1GLY1uCiOnFX9wDCUQ9Ju877XFRFNq1rleqd+Ka8BRvok71p0hlTUt9+51cgvCKrwkn06/ULhKHOxhc+vamsTJ3G5FoeUOMshDmO6R/LdflRFu37xkkpEX9xAFE9k9r7iWFWEiSqKTgtz5xqXFExA6vt6GIa4DzO/X4t6Bm2D974MAviApAyhxq+zQWMsf86Nq4DBzpSwhw4+g174WQdA9eNU6rBfm1nAeehQkZRIDtUXk6zBOvsJ9VldzkIgGe7Oal5gYkgpSAcXPbX+EBFReYW3aPsWQATReWMaFa48aAnrDJT5uNoOInwA8f1onREaCQvztyDm0YebPCF46RXUH6R3agAxZj1/3ikwdH3TCw==\n"
            },
            "metadata_fingerprint": "73sVacabPxk=",
            "metadata_startup_script": null,
            "min_cpu_platform": "",
            "name": "hydro-vm-instance-cd317432",
            "network_interface": [
              {
                "access_config": [
                  {
                    "nat_ip": "35.209.197.103",
                    "network_tier": "STANDARD",
                    "public_ptr_domain_name": ""
                  }
                ],
                "alias_ip_range": [],
                "ipv6_access_config": [],
                "ipv6_access_type": "",
                "name": "nic0",
                "network": "https://www.googleapis.com/compute/v1/projects/hydroflow-work/global/networks/hydro-vpc-network-fea95f6a",
                "network_ip": "10.128.0.7",
                "nic_type": "",
                "queue_count": 0,
                "stack_type": "IPV4_ONLY",
                "subnetwork": "https://www.googleapis.com/compute/v1/projects/hydroflow-work/regions/us-central1/subnetworks/hydro-vpc-network-fea95f6a",
                "subnetwork_project": "hydroflow-work"
              }
            ],
            "project": "hydroflow-work",
            "reservation_affinity": [],
            "resource_policies": null,
            "scheduling": [
              {
                "automatic_restart": true,
                "instance_termination_action": "",
                "min_node_cpus": 0,
                "node_affinities": [],
                "on_host_maintenance": "MIGRATE",
                "preemptible": false,
                "provisioning_model": "STANDARD"
              }
            ],
            "scratch_disk": [],
            "self_link": "https://www.googleapis.com/compute/v1/projects/hydroflow-work/zones/us-central1-a/instances/hydro-vm-instance-cd317432",
            "service_account": [],
            "shielded_instance_config": [
              {
                "enable_integrity_monitoring": true,
                "enable_secure_boot": false,
                "enable_vtpm": true
              }
            ],
            "tags": [
              "open-external-port-tag-22-04d5774f"
            ],
            "tags_fingerprint": "b98oSeQpJ8Q=",
            "timeouts": null,
            "zone": "us-central1-a"
          },
          "sensitive_attributes": [
            [
              {
                "type": "get_attr",
                "value": "boot_disk"
              },
              {
                "type": "index",
                "value": {
                  "value": 0,
                  "type": "number"
                }
              },
              {
                "type": "get_attr",
                "value": "disk_encryption_key_raw"
              }
            ]
          ],
          "private": "eyJlMmJmYjczMC1lY2FhLTExZTYtOGY4OC0zNDM2M2JjN2M0YzAiOnsiY3JlYXRlIjoxMjAwMDAwMDAwMDAwLCJkZWxldGUiOjEyMDAwMDAwMDAwMDAsInVwZGF0ZSI6MTIwMDAwMDAwMDAwMH0sInNjaGVtYV92ZXJzaW9uIjoiNiJ9",
          "dependencies": [
            "google_compute_network.hydro-vpc-network-fea95f6a",
            "tls_private_key.vm_instance_ssh_key"
          ]
        }
      ]
    },
    {
      "mode": "managed",
      "type": "google_compute_instance",
      "name": "vm-instance-5",
      "provider": "provider[\"registry.terraform.io/hashicorp/google\"]",
      "instances": [
        {
          "schema_version": 6,
          "attributes": {
            "advanced_machine_features": [],
            "allow_stopping_for_update": null,
            "attached_disk": [],
            "boot_disk": [
              {
                "auto_delete": true,
                "device_name": "persistent-disk-0",
                "disk_encryption_key_raw": "",
                "disk_encryption_key_sha256": "",
                "initialize_params": [
                  {
                    "image": "https://www.googleapis.com/compute/v1/projects/debian-cloud/global/images/debian-12-bookworm-v20240709",
                    "labels": {},
                    "size": 10,
                    "type": "pd-standard"
                  }
                ],
                "kms_key_self_link": "",
                "mode": "READ_WRITE",
                "source": "https://www.googleapis.com/compute/v1/projects/hydroflow-work/zones/us-central1-a/disks/hydro-vm-instance-6e05af07"
              }
            ],
            "can_ip_forward": false,
            "confidential_instance_config": [],
            "cpu_platform": "Intel Broadwell",
            "current_status": "RUNNING",
            "deletion_protection": false,
            "description": "",
            "desired_status": null,
            "enable_display": false,
            "guest_accelerator": [],
            "hostname": "",
            "id": "projects/hydroflow-work/zones/us-central1-a/instances/hydro-vm-instance-6e05af07",
            "instance_id": "5701981718920857693",
            "label_fingerprint": "42WmSpB8rSM=",
            "labels": null,
            "machine_type": "e2-micro",
            "metadata": {
              "ssh-keys": "hydro:ssh-rsa AAAAB3NzaC1yc2EAAAADAQABAAACAQDDowTwcNqXxAPwYH840IZ4Pkk3H2YcvqszE+OkjPf+YUnKk7qB1iUvmlZsZ+uoH9+Xw3rVcvXWLigXdj9hqqJfepPeq60Ucm+LaYm4qOpikkSm/DHjkNu/YFrARfMxTqiizQnm5jEMdieoOW99qrNRdUm08hz3fuM7ZVdPygvA8kk6yX1iPBLqPG4IobZYKFBY/rciULovM9PZQKxmsBGg0LH7CcFZRuJlpwEmjmPnsmVMf0uuPrAvskYtxYPdE/ordi86R3o+bGcG4s1MeAFXUKn4p5RTHOTzPyAMIg7Ixv/natvNZCJFPFrcl/7eiXX1GLY1uCiOnFX9wDCUQ9Ju877XFRFNq1rleqd+Ka8BRvok71p0hlTUt9+51cgvCKrwkn06/ULhKHOxhc+vamsTJ3G5FoeUOMshDmO6R/LdflRFu37xkkpEX9xAFE9k9r7iWFWEiSqKTgtz5xqXFExA6vt6GIa4DzO/X4t6Bm2D974MAviApAyhxq+zQWMsf86Nq4DBzpSwhw4+g174WQdA9eNU6rBfm1nAeehQkZRIDtUXk6zBOvsJ9VldzkIgGe7Oal5gYkgpSAcXPbX+EBFReYW3aPsWQATReWMaFa48aAnrDJT5uNoOInwA8f1onREaCQvztyDm0YebPCF46RXUH6R3agAxZj1/3ikwdH3TCw==\n"
            },
            "metadata_fingerprint": "73sVacabPxk=",
            "metadata_startup_script": null,
            "min_cpu_platform": "",
            "name": "hydro-vm-instance-6e05af07",
            "network_interface": [
              {
                "access_config": [
                  {
                    "nat_ip": "35.206.76.198",
                    "network_tier": "STANDARD",
                    "public_ptr_domain_name": ""
                  }
                ],
                "alias_ip_range": [],
                "ipv6_access_config": [],
                "ipv6_access_type": "",
                "name": "nic0",
                "network": "https://www.googleapis.com/compute/v1/projects/hydroflow-work/global/networks/hydro-vpc-network-fea95f6a",
                "network_ip": "10.128.0.8",
                "nic_type": "",
                "queue_count": 0,
                "stack_type": "IPV4_ONLY",
                "subnetwork": "https://www.googleapis.com/compute/v1/projects/hydroflow-work/regions/us-central1/subnetworks/hydro-vpc-network-fea95f6a",
                "subnetwork_project": "hydroflow-work"
              }
            ],
            "project": "hydroflow-work",
            "reservation_affinity": [],
            "resource_policies": null,
            "scheduling": [
              {
                "automatic_restart": true,
                "instance_termination_action": "",
                "min_node_cpus": 0,
                "node_affinities": [],
                "on_host_maintenance": "MIGRATE",
                "preemptible": false,
                "provisioning_model": "STANDARD"
              }
            ],
            "scratch_disk": [],
            "self_link": "https://www.googleapis.com/compute/v1/projects/hydroflow-work/zones/us-central1-a/instances/hydro-vm-instance-6e05af07",
            "service_account": [],
            "shielded_instance_config": [
              {
                "enable_integrity_monitoring": true,
                "enable_secure_boot": false,
                "enable_vtpm": true
              }
            ],
            "tags": [
              "open-external-port-tag-22-04d5774f"
            ],
            "tags_fingerprint": "b98oSeQpJ8Q=",
            "timeouts": null,
            "zone": "us-central1-a"
          },
          "sensitive_attributes": [
            [
              {
                "type": "get_attr",
                "value": "boot_disk"
              },
              {
                "type": "index",
                "value": {
                  "value": 0,
                  "type": "number"
                }
              },
              {
                "type": "get_attr",
                "value": "disk_encryption_key_raw"
              }
            ]
          ],
          "private": "eyJlMmJmYjczMC1lY2FhLTExZTYtOGY4OC0zNDM2M2JjN2M0YzAiOnsiY3JlYXRlIjoxMjAwMDAwMDAwMDAwLCJkZWxldGUiOjEyMDAwMDAwMDAwMDAsInVwZGF0ZSI6MTIwMDAwMDAwMDAwMH0sInNjaGVtYV92ZXJzaW9uIjoiNiJ9",
          "dependencies": [
            "google_compute_network.hydro-vpc-network-fea95f6a",
            "tls_private_key.vm_instance_ssh_key"
          ]
        }
      ]
    },
    {
      "mode": "managed",
      "type": "google_compute_instance",
      "name": "vm-instance-6",
      "provider": "provider[\"registry.terraform.io/hashicorp/google\"]",
      "instances": [
        {
          "schema_version": 6,
          "attributes": {
            "advanced_machine_features": [],
            "allow_stopping_for_update": null,
            "attached_disk": [],
            "boot_disk": [
              {
                "auto_delete": true,
                "device_name": "persistent-disk-0",
                "disk_encryption_key_raw": "",
                "disk_encryption_key_sha256": "",
                "initialize_params": [
                  {
                    "image": "https://www.googleapis.com/compute/v1/projects/debian-cloud/global/images/debian-12-bookworm-v20240709",
                    "labels": {},
                    "size": 10,
                    "type": "pd-standard"
                  }
                ],
                "kms_key_self_link": "",
                "mode": "READ_WRITE",
                "source": "https://www.googleapis.com/compute/v1/projects/hydroflow-work/zones/us-central1-a/disks/hydro-vm-instance-c9c53513"
              }
            ],
            "can_ip_forward": false,
            "confidential_instance_config": [],
            "cpu_platform": "Intel Broadwell",
            "current_status": "RUNNING",
            "deletion_protection": false,
            "description": "",
            "desired_status": null,
            "enable_display": false,
            "guest_accelerator": [],
            "hostname": "",
            "id": "projects/hydroflow-work/zones/us-central1-a/instances/hydro-vm-instance-c9c53513",
            "instance_id": "4770098146402142301",
            "label_fingerprint": "42WmSpB8rSM=",
            "labels": null,
            "machine_type": "e2-micro",
            "metadata": {
              "ssh-keys": "hydro:ssh-rsa AAAAB3NzaC1yc2EAAAADAQABAAACAQDDowTwcNqXxAPwYH840IZ4Pkk3H2YcvqszE+OkjPf+YUnKk7qB1iUvmlZsZ+uoH9+Xw3rVcvXWLigXdj9hqqJfepPeq60Ucm+LaYm4qOpikkSm/DHjkNu/YFrARfMxTqiizQnm5jEMdieoOW99qrNRdUm08hz3fuM7ZVdPygvA8kk6yX1iPBLqPG4IobZYKFBY/rciULovM9PZQKxmsBGg0LH7CcFZRuJlpwEmjmPnsmVMf0uuPrAvskYtxYPdE/ordi86R3o+bGcG4s1MeAFXUKn4p5RTHOTzPyAMIg7Ixv/natvNZCJFPFrcl/7eiXX1GLY1uCiOnFX9wDCUQ9Ju877XFRFNq1rleqd+Ka8BRvok71p0hlTUt9+51cgvCKrwkn06/ULhKHOxhc+vamsTJ3G5FoeUOMshDmO6R/LdflRFu37xkkpEX9xAFE9k9r7iWFWEiSqKTgtz5xqXFExA6vt6GIa4DzO/X4t6Bm2D974MAviApAyhxq+zQWMsf86Nq4DBzpSwhw4+g174WQdA9eNU6rBfm1nAeehQkZRIDtUXk6zBOvsJ9VldzkIgGe7Oal5gYkgpSAcXPbX+EBFReYW3aPsWQATReWMaFa48aAnrDJT5uNoOInwA8f1onREaCQvztyDm0YebPCF46RXUH6R3agAxZj1/3ikwdH3TCw==\n"
            },
            "metadata_fingerprint": "73sVacabPxk=",
            "metadata_startup_script": null,
            "min_cpu_platform": "",
            "name": "hydro-vm-instance-c9c53513",
            "network_interface": [
              {
                "access_config": [
                  {
                    "nat_ip": "35.209.226.133",
                    "network_tier": "STANDARD",
                    "public_ptr_domain_name": ""
                  }
                ],
                "alias_ip_range": [],
                "ipv6_access_config": [],
                "ipv6_access_type": "",
                "name": "nic0",
                "network": "https://www.googleapis.com/compute/v1/projects/hydroflow-work/global/networks/hydro-vpc-network-fea95f6a",
                "network_ip": "10.128.0.9",
                "nic_type": "",
                "queue_count": 0,
                "stack_type": "IPV4_ONLY",
                "subnetwork": "https://www.googleapis.com/compute/v1/projects/hydroflow-work/regions/us-central1/subnetworks/hydro-vpc-network-fea95f6a",
                "subnetwork_project": "hydroflow-work"
              }
            ],
            "project": "hydroflow-work",
            "reservation_affinity": [],
            "resource_policies": null,
            "scheduling": [
              {
                "automatic_restart": true,
                "instance_termination_action": "",
                "min_node_cpus": 0,
                "node_affinities": [],
                "on_host_maintenance": "MIGRATE",
                "preemptible": false,
                "provisioning_model": "STANDARD"
              }
            ],
            "scratch_disk": [],
            "self_link": "https://www.googleapis.com/compute/v1/projects/hydroflow-work/zones/us-central1-a/instances/hydro-vm-instance-c9c53513",
            "service_account": [],
            "shielded_instance_config": [
              {
                "enable_integrity_monitoring": true,
                "enable_secure_boot": false,
                "enable_vtpm": true
              }
            ],
            "tags": [
              "open-external-port-tag-22-04d5774f"
            ],
            "tags_fingerprint": "b98oSeQpJ8Q=",
            "timeouts": null,
            "zone": "us-central1-a"
          },
          "sensitive_attributes": [
            [
              {
                "type": "get_attr",
                "value": "boot_disk"
              },
              {
                "type": "index",
                "value": {
                  "value": 0,
                  "type": "number"
                }
              },
              {
                "type": "get_attr",
                "value": "disk_encryption_key_raw"
              }
            ]
          ],
          "private": "eyJlMmJmYjczMC1lY2FhLTExZTYtOGY4OC0zNDM2M2JjN2M0YzAiOnsiY3JlYXRlIjoxMjAwMDAwMDAwMDAwLCJkZWxldGUiOjEyMDAwMDAwMDAwMDAsInVwZGF0ZSI6MTIwMDAwMDAwMDAwMH0sInNjaGVtYV92ZXJzaW9uIjoiNiJ9",
          "dependencies": [
            "google_compute_network.hydro-vpc-network-fea95f6a",
            "tls_private_key.vm_instance_ssh_key"
          ]
        }
      ]
    },
    {
      "mode": "managed",
      "type": "google_compute_instance",
      "name": "vm-instance-7",
      "provider": "provider[\"registry.terraform.io/hashicorp/google\"]",
      "instances": [
        {
          "schema_version": 6,
          "attributes": {
            "advanced_machine_features": [],
            "allow_stopping_for_update": null,
            "attached_disk": [],
            "boot_disk": [
              {
                "auto_delete": true,
                "device_name": "persistent-disk-0",
                "disk_encryption_key_raw": "",
                "disk_encryption_key_sha256": "",
                "initialize_params": [
                  {
                    "image": "https://www.googleapis.com/compute/v1/projects/debian-cloud/global/images/debian-12-bookworm-v20240709",
                    "labels": {},
                    "size": 10,
                    "type": "pd-standard"
                  }
                ],
                "kms_key_self_link": "",
                "mode": "READ_WRITE",
                "source": "https://www.googleapis.com/compute/v1/projects/hydroflow-work/zones/us-central1-a/disks/hydro-vm-instance-1d448f41"
              }
            ],
            "can_ip_forward": false,
            "confidential_instance_config": [],
            "cpu_platform": "Intel Broadwell",
            "current_status": "RUNNING",
            "deletion_protection": false,
            "description": "",
            "desired_status": null,
            "enable_display": false,
            "guest_accelerator": [],
            "hostname": "",
            "id": "projects/hydroflow-work/zones/us-central1-a/instances/hydro-vm-instance-1d448f41",
            "instance_id": "4913128262530271326",
            "label_fingerprint": "42WmSpB8rSM=",
            "labels": null,
            "machine_type": "e2-micro",
            "metadata": {
              "ssh-keys": "hydro:ssh-rsa AAAAB3NzaC1yc2EAAAADAQABAAACAQDDowTwcNqXxAPwYH840IZ4Pkk3H2YcvqszE+OkjPf+YUnKk7qB1iUvmlZsZ+uoH9+Xw3rVcvXWLigXdj9hqqJfepPeq60Ucm+LaYm4qOpikkSm/DHjkNu/YFrARfMxTqiizQnm5jEMdieoOW99qrNRdUm08hz3fuM7ZVdPygvA8kk6yX1iPBLqPG4IobZYKFBY/rciULovM9PZQKxmsBGg0LH7CcFZRuJlpwEmjmPnsmVMf0uuPrAvskYtxYPdE/ordi86R3o+bGcG4s1MeAFXUKn4p5RTHOTzPyAMIg7Ixv/natvNZCJFPFrcl/7eiXX1GLY1uCiOnFX9wDCUQ9Ju877XFRFNq1rleqd+Ka8BRvok71p0hlTUt9+51cgvCKrwkn06/ULhKHOxhc+vamsTJ3G5FoeUOMshDmO6R/LdflRFu37xkkpEX9xAFE9k9r7iWFWEiSqKTgtz5xqXFExA6vt6GIa4DzO/X4t6Bm2D974MAviApAyhxq+zQWMsf86Nq4DBzpSwhw4+g174WQdA9eNU6rBfm1nAeehQkZRIDtUXk6zBOvsJ9VldzkIgGe7Oal5gYkgpSAcXPbX+EBFReYW3aPsWQATReWMaFa48aAnrDJT5uNoOInwA8f1onREaCQvztyDm0YebPCF46RXUH6R3agAxZj1/3ikwdH3TCw==\n"
            },
            "metadata_fingerprint": "73sVacabPxk=",
            "metadata_startup_script": null,
            "min_cpu_platform": "",
            "name": "hydro-vm-instance-1d448f41",
            "network_interface": [
              {
                "access_config": [
                  {
                    "nat_ip": "35.208.208.46",
                    "network_tier": "STANDARD",
                    "public_ptr_domain_name": ""
                  }
                ],
                "alias_ip_range": [],
                "ipv6_access_config": [],
                "ipv6_access_type": "",
                "name": "nic0",
                "network": "https://www.googleapis.com/compute/v1/projects/hydroflow-work/global/networks/hydro-vpc-network-fea95f6a",
                "network_ip": "10.128.0.2",
                "nic_type": "",
                "queue_count": 0,
                "stack_type": "IPV4_ONLY",
                "subnetwork": "https://www.googleapis.com/compute/v1/projects/hydroflow-work/regions/us-central1/subnetworks/hydro-vpc-network-fea95f6a",
                "subnetwork_project": "hydroflow-work"
              }
            ],
            "project": "hydroflow-work",
            "reservation_affinity": [],
            "resource_policies": null,
            "scheduling": [
              {
                "automatic_restart": true,
                "instance_termination_action": "",
                "min_node_cpus": 0,
                "node_affinities": [],
                "on_host_maintenance": "MIGRATE",
                "preemptible": false,
                "provisioning_model": "STANDARD"
              }
            ],
            "scratch_disk": [],
            "self_link": "https://www.googleapis.com/compute/v1/projects/hydroflow-work/zones/us-central1-a/instances/hydro-vm-instance-1d448f41",
            "service_account": [],
            "shielded_instance_config": [
              {
                "enable_integrity_monitoring": true,
                "enable_secure_boot": false,
                "enable_vtpm": true
              }
            ],
            "tags": [
              "open-external-port-tag-22-04d5774f"
            ],
            "tags_fingerprint": "b98oSeQpJ8Q=",
            "timeouts": null,
            "zone": "us-central1-a"
          },
          "sensitive_attributes": [
            [
              {
                "type": "get_attr",
                "value": "boot_disk"
              },
              {
                "type": "index",
                "value": {
                  "value": 0,
                  "type": "number"
                }
              },
              {
                "type": "get_attr",
                "value": "disk_encryption_key_raw"
              }
            ]
          ],
          "private": "eyJlMmJmYjczMC1lY2FhLTExZTYtOGY4OC0zNDM2M2JjN2M0YzAiOnsiY3JlYXRlIjoxMjAwMDAwMDAwMDAwLCJkZWxldGUiOjEyMDAwMDAwMDAwMDAsInVwZGF0ZSI6MTIwMDAwMDAwMDAwMH0sInNjaGVtYV92ZXJzaW9uIjoiNiJ9",
          "dependencies": [
            "google_compute_network.hydro-vpc-network-fea95f6a",
            "tls_private_key.vm_instance_ssh_key"
          ]
        }
      ]
    },
    {
      "mode": "managed",
      "type": "google_compute_instance",
      "name": "vm-instance-8",
      "provider": "provider[\"registry.terraform.io/hashicorp/google\"]",
      "instances": [
        {
          "schema_version": 6,
          "attributes": {
            "advanced_machine_features": [],
            "allow_stopping_for_update": null,
            "attached_disk": [],
            "boot_disk": [
              {
                "auto_delete": true,
                "device_name": "persistent-disk-0",
                "disk_encryption_key_raw": "",
                "disk_encryption_key_sha256": "",
                "initialize_params": [
                  {
                    "image": "https://www.googleapis.com/compute/v1/projects/debian-cloud/global/images/debian-12-bookworm-v20240709",
                    "labels": {},
                    "size": 10,
                    "type": "pd-standard"
                  }
                ],
                "kms_key_self_link": "",
                "mode": "READ_WRITE",
                "source": "https://www.googleapis.com/compute/v1/projects/hydroflow-work/zones/us-central1-a/disks/hydro-vm-instance-75dde78b"
              }
            ],
            "can_ip_forward": false,
            "confidential_instance_config": [],
            "cpu_platform": "Intel Broadwell",
            "current_status": "RUNNING",
            "deletion_protection": false,
            "description": "",
            "desired_status": null,
            "enable_display": false,
            "guest_accelerator": [],
            "hostname": "",
            "id": "projects/hydroflow-work/zones/us-central1-a/instances/hydro-vm-instance-75dde78b",
            "instance_id": "7721575813670013021",
            "label_fingerprint": "42WmSpB8rSM=",
            "labels": null,
            "machine_type": "e2-micro",
            "metadata": {
              "ssh-keys": "hydro:ssh-rsa AAAAB3NzaC1yc2EAAAADAQABAAACAQDDowTwcNqXxAPwYH840IZ4Pkk3H2YcvqszE+OkjPf+YUnKk7qB1iUvmlZsZ+uoH9+Xw3rVcvXWLigXdj9hqqJfepPeq60Ucm+LaYm4qOpikkSm/DHjkNu/YFrARfMxTqiizQnm5jEMdieoOW99qrNRdUm08hz3fuM7ZVdPygvA8kk6yX1iPBLqPG4IobZYKFBY/rciULovM9PZQKxmsBGg0LH7CcFZRuJlpwEmjmPnsmVMf0uuPrAvskYtxYPdE/ordi86R3o+bGcG4s1MeAFXUKn4p5RTHOTzPyAMIg7Ixv/natvNZCJFPFrcl/7eiXX1GLY1uCiOnFX9wDCUQ9Ju877XFRFNq1rleqd+Ka8BRvok71p0hlTUt9+51cgvCKrwkn06/ULhKHOxhc+vamsTJ3G5FoeUOMshDmO6R/LdflRFu37xkkpEX9xAFE9k9r7iWFWEiSqKTgtz5xqXFExA6vt6GIa4DzO/X4t6Bm2D974MAviApAyhxq+zQWMsf86Nq4DBzpSwhw4+g174WQdA9eNU6rBfm1nAeehQkZRIDtUXk6zBOvsJ9VldzkIgGe7Oal5gYkgpSAcXPbX+EBFReYW3aPsWQATReWMaFa48aAnrDJT5uNoOInwA8f1onREaCQvztyDm0YebPCF46RXUH6R3agAxZj1/3ikwdH3TCw==\n"
            },
            "metadata_fingerprint": "73sVacabPxk=",
            "metadata_startup_script": null,
            "min_cpu_platform": "",
            "name": "hydro-vm-instance-75dde78b",
            "network_interface": [
              {
                "access_config": [
                  {
                    "nat_ip": "35.208.174.149",
                    "network_tier": "STANDARD",
                    "public_ptr_domain_name": ""
                  }
                ],
                "alias_ip_range": [],
                "ipv6_access_config": [],
                "ipv6_access_type": "",
                "name": "nic0",
                "network": "https://www.googleapis.com/compute/v1/projects/hydroflow-work/global/networks/hydro-vpc-network-fea95f6a",
                "network_ip": "10.128.0.10",
                "nic_type": "",
                "queue_count": 0,
                "stack_type": "IPV4_ONLY",
                "subnetwork": "https://www.googleapis.com/compute/v1/projects/hydroflow-work/regions/us-central1/subnetworks/hydro-vpc-network-fea95f6a",
                "subnetwork_project": "hydroflow-work"
              }
            ],
            "project": "hydroflow-work",
            "reservation_affinity": [],
            "resource_policies": null,
            "scheduling": [
              {
                "automatic_restart": true,
                "instance_termination_action": "",
                "min_node_cpus": 0,
                "node_affinities": [],
                "on_host_maintenance": "MIGRATE",
                "preemptible": false,
                "provisioning_model": "STANDARD"
              }
            ],
            "scratch_disk": [],
            "self_link": "https://www.googleapis.com/compute/v1/projects/hydroflow-work/zones/us-central1-a/instances/hydro-vm-instance-75dde78b",
            "service_account": [],
            "shielded_instance_config": [
              {
                "enable_integrity_monitoring": true,
                "enable_secure_boot": false,
                "enable_vtpm": true
              }
            ],
            "tags": [
              "open-external-port-tag-22-04d5774f"
            ],
            "tags_fingerprint": "b98oSeQpJ8Q=",
            "timeouts": null,
            "zone": "us-central1-a"
          },
          "sensitive_attributes": [
            [
              {
                "type": "get_attr",
                "value": "boot_disk"
              },
              {
                "type": "index",
                "value": {
                  "value": 0,
                  "type": "number"
                }
              },
              {
                "type": "get_attr",
                "value": "disk_encryption_key_raw"
              }
            ]
          ],
          "private": "eyJlMmJmYjczMC1lY2FhLTExZTYtOGY4OC0zNDM2M2JjN2M0YzAiOnsiY3JlYXRlIjoxMjAwMDAwMDAwMDAwLCJkZWxldGUiOjEyMDAwMDAwMDAwMDAsInVwZGF0ZSI6MTIwMDAwMDAwMDAwMH0sInNjaGVtYV92ZXJzaW9uIjoiNiJ9",
          "dependencies": [
            "google_compute_network.hydro-vpc-network-fea95f6a",
            "tls_private_key.vm_instance_ssh_key"
          ]
        }
      ]
    },
    {
      "mode": "managed",
      "type": "google_compute_network",
      "name": "hydro-vpc-network-fea95f6a",
      "provider": "provider[\"registry.terraform.io/hashicorp/google\"]",
      "instances": [
        {
          "schema_version": 0,
          "attributes": {
            "auto_create_subnetworks": true,
            "delete_default_routes_on_create": false,
            "description": "",
            "enable_ula_internal_ipv6": false,
            "gateway_ipv4": "",
            "id": "projects/hydroflow-work/global/networks/hydro-vpc-network-fea95f6a",
            "internal_ipv6_range": "",
            "mtu": 0,
            "name": "hydro-vpc-network-fea95f6a",
            "project": "hydroflow-work",
            "routing_mode": "REGIONAL",
            "self_link": "https://www.googleapis.com/compute/v1/projects/hydroflow-work/global/networks/hydro-vpc-network-fea95f6a",
            "timeouts": null
          },
          "sensitive_attributes": [],
          "private": "eyJlMmJmYjczMC1lY2FhLTExZTYtOGY4OC0zNDM2M2JjN2M0YzAiOnsiY3JlYXRlIjoxMjAwMDAwMDAwMDAwLCJkZWxldGUiOjEyMDAwMDAwMDAwMDAsInVwZGF0ZSI6MTIwMDAwMDAwMDAwMH19"
        }
      ]
    },
    {
      "mode": "managed",
      "type": "local_file",
      "name": "vm_instance_ssh_key_pem",
      "provider": "provider[\"registry.terraform.io/hashicorp/local\"]",
      "instances": [
        {
          "schema_version": 0,
          "attributes": {
            "content": "-----BEGIN RSA PRIVATE KEY-----\nMIIJKQIBAAKCAgEAw6ME8HDal8QD8GB/ONCGeD5JNx9mHL6rMxPjpIz3/mFJypO6\ngdYlL5pWbGfrqB/fl8N61XL11i4oF3Y/YaqiX3qT3qutFHJvi2mJuKjqYpJEpvwx\n45Dbv2BawEXzMU6oos0J5uYxDHYnqDlvfaqzUXVJtPIc937jO2VXT8oLwPJJOsl9\nYjwS6jxuCKG2WChQWP63IlC6LzPT2UCsZrARoNCx+wnBWUbiZacBJo5j57JlTH9L\nrj6wL7JGLcWD3RP6K3YvOkd6PmxnBuLNTHgBV1Cp+KeUUxzk8z8gDCIOyMb/52rb\nzWQiRTxa3Jf+3ol19Ri2NbgojpxV/cAwlEPSbvO+1xURTata5XqnfimvAUb6JO9a\ndIZU1LffudXILwiq8JJ9Ov1C4ShzsYXPr2prEydxuRaHlDjLIQ5jukfy3X5URbt+\n8ZJKRF/cQBRPZPa+4lhVhIkqik4Lc+calxRMQOr7ehiGuA8zv1+LegZtg/e+DAL4\ngKQMocavs0FjLH/OjauAwc6UsIcOPoNe+FkHQPXjVOqwX5tZwHnoUJGUSA7VF5Os\nwTr7CfVZXc5CIBnuzmpeYGJIKUgHFz21/hARUXmFt2j7FkAE0XljGhWuPGgJ6wyU\n+bjaDiJ8APH9aJ0RGgkL87cg5tGHmzwheOkV1B+kd2oAMWY9f94pMHR90wsCAwEA\nAQKCAgBHb/Cux9baUkZJ8UKjgWmI4N2lVj7YQjuLlDis7pjj96yVX2pcXNEJV+c1\nAKGJq9Hevg/Nf4QLaKFVJ+WvCTrveHgkeDXkYIEgvDIBDxU/Vz/gZfjlqxDDCjE5\nQpGyMJHdmNeDzAyfC0oh4I84qSt/lD+M5lfzfA8HslK2nQW7t/1LjSXOyDbz94sK\nddp6yIXGaYR/8FB8SgWSsE4D1UkqmupSy9YhfoPPMLN328jZY0ggLd95ygRV9lgw\nAI7NHK1eT3KhalZWEwlv90OWJ7/9nUPju3Wq/8MOm79dDtatNBVf8KJAls74zzgy\nkwILStCa5iIq7YtJwAaaeSKEEVv2ald6rGvRdHjOomEUFjzk1ipj1qxqnCJJlkeI\nT6PkPxbIy8naN/9bPeer2Xs5jo1myAQZuLQFB7a4xJEWaeQOZVG8LWwbDvtgJTBc\nhaVzcxkDraoXjPnpKPyNKnvS6ve40VTutB39oWTbXI6CYWqilPcNY2V/IVPMOUGu\nyrHVOH9CguVN/I1ijD/q84gexsDx/jeGedEiyxR3BB22ovaal37h7rFJSQgl1Hny\nflkRxxyuN9tnDjkUIaWs5OgYVm6TrZfy/YoLulW8gB21eGWQfEFq+yc9yaWN5lft\n4qPwyQKM+D2VHd+3TN3vyFXQNSqBtMloXoOxKAPP0jnJZirTGQKCAQEA15j8TB5L\nyqsbB0K/vNXqEroj7vhdBy93hEnE+WggCCsAmlDlvhBn/PRiFJ+TX7OHB54YywRs\ngxGYnijpHF31LSpBXFgHQrOH5513pLx/XAy4h5QFTcDaV7nRWLRS2pT3XgByuVwr\n38RwTN4yfaE4aCzWUikleNwRnmNeQ1bRXBnwNPbchp5GCh/BcIJC7/DGzd0RPodk\ns6qDqDCQpN8YTn2s8egWamaKKQA0YgIusINHWjnhn4AnMD9Lu9fTD11PQGD/qZ1r\n0HXQcCIooDMNC8Q6kp/BfyK/CZzY86W+AEEZ17LEaEWz2gd8cMhokRznCqYrXX9F\n2pnhHPL7iZDkFwKCAQEA6ExwqCrGOcscZBlrFsFfqDflLUROoBLfB7FmVlWZBTIS\nc6hDNm4ItILEqbDfvi1ocacKx3oQrmDV4ngU16UJQBmv/9s50uqaRlNeLaKcQcNo\n9H+Wf4zsVutw3cj/2YoPl2yHLxsf5uEyPS3aN9x1f70sH1OHIFUkdIdsjgSnn1zS\nPhGlrP7onVGDMBN3JyFm5jVY1A4PET3CH8/VDjWinoLaq6k3yDBMRdShu8zsSSmT\nD0/tePT58cONkCCr1jw9OnaUMdwo8H1a5WTIs1rOH2/goUz15FYVv9bBnPR5tFfe\ncdOXcUsEcrtzsmUoJUfEeLEtfLVMVsBdqRffch39LQKCAQEApzMMztdb/fPOhUX9\nvqvC2P0kauqP8secD6rKKIXY+Zyn3gVI9qpwitrXyZiryTdIS98O6TsoEEmwK1Ac\n4JP5VSqE/+GA1/i1OCmFpOtOdguje/mOV2ttqUUBFqLZ8ow+ftcoIZpaqDIGyYY0\nb/t87EWBfLxORDmfLE9xxhVpTd0LzXd5NKlANg/Ei8VptfzroLGF8xE7Rp7Bdckc\nE9C0YALVAdH0uFWHZh6zgSKiJN/akR18XZ8cRS2BRU8ubqb1lD7lZxwfhc4odR34\nlayhvHNU3Wspu7gtoX3TPrlV7YqPSRlpelg8D6Vom2rAtXFNuJN/5AWVHd/ilfnW\nmywTxwKCAQEAoEF7xsgbkGtK3tOaSUyGTWqiNCRXiZ77NjdwPkc3FZqBmECQfdBT\nORStz9Mxx+VTlHSEvzC6qVIsu9vTpSE5zHrsLDp1HcizPajt49W2rre8hFAw5zW1\nJhGu/5JWzyCruO8qI5k23PSm0AX98WOpu8Ip2kKpieizCaEThrY3XX2PnTpXbY09\ntKozMst6/AfTESXkbgZ05pQQhBnBBdiCo4/qg1puHTEUrWgPW5v3tlF0HrApR7TZ\naaxa0P95DIbqRpbfjbYwmBgiyPZKb1FJue5YrW6GhEvPHVVupHUUMRIdZ7FtXL9A\nBlbDbmLS20UziX/RvaLlU0PKWYkaoYOG0QKCAQALTvgHhasRf1+YcKhG4Rb834jd\nQ0iR+zOP/B+QjLZVsmK7boJ9letuEFjWxLwj3/xIMOjQrbZ6uJKJypMThfQv0oe3\nt0Neps6wdbT1er/5Tfk2od2ShxN+PUufl36rdel0Ei6PqMC4lvp2DhADUDer20UN\n39aNan41kjRCFzheO+LMMf/VF+RkqKjL0k/fjXsxjhvXD4QX6IhIHM+Lb8Hx2cK5\n0kzMMxBpf7FL+GJhlpemgcGsFfTCukihmrbyhzvXbBMwW9bPJTMV6ydqH/b1qxEV\nlWolIo8Fh7plQoZlEUPd9I0tGelyXIA9VpWlR9gHgYA1qlJ0tDLomhmYrktP\n-----END RSA PRIVATE KEY-----\n",
            "content_base64": null,
            "directory_permission": "0777",
            "file_permission": "0600",
            "filename": ".ssh/vm_instance_ssh_key_pem",
            "id": "7c40362b1af2004c6238f816609c24df22aa975f",
            "sensitive_content": null,
            "source": null
          },
          "sensitive_attributes": [
            [
              {
                "type": "get_attr",
                "value": "sensitive_content"
              }
            ],
            [
              {
                "type": "get_attr",
                "value": "content"
              }
            ]
          ],
          "dependencies": [
            "tls_private_key.vm_instance_ssh_key"
          ]
        }
      ]
    },
    {
      "mode": "managed",
      "type": "tls_private_key",
      "name": "vm_instance_ssh_key",
      "provider": "provider[\"registry.terraform.io/hashicorp/tls\"]",
      "instances": [
        {
          "schema_version": 1,
          "attributes": {
            "algorithm": "RSA",
            "ecdsa_curve": "P224",
            "id": "e32039b5417accfeccf31ea89befc67690a5b8a9",
            "private_key_openssh": "-----BEGIN OPENSSH PRIVATE KEY-----\nb3BlbnNzaC1rZXktdjEAAAAABG5vbmUAAAAEbm9uZQAAAAAAAAABAAACFwAAAAdz\nc2gtcnNhAAAAAwEAAQAAAgEAw6ME8HDal8QD8GB/ONCGeD5JNx9mHL6rMxPjpIz3\n/mFJypO6gdYlL5pWbGfrqB/fl8N61XL11i4oF3Y/YaqiX3qT3qutFHJvi2mJuKjq\nYpJEpvwx45Dbv2BawEXzMU6oos0J5uYxDHYnqDlvfaqzUXVJtPIc937jO2VXT8oL\nwPJJOsl9YjwS6jxuCKG2WChQWP63IlC6LzPT2UCsZrARoNCx+wnBWUbiZacBJo5j\n57JlTH9Lrj6wL7JGLcWD3RP6K3YvOkd6PmxnBuLNTHgBV1Cp+KeUUxzk8z8gDCIO\nyMb/52rbzWQiRTxa3Jf+3ol19Ri2NbgojpxV/cAwlEPSbvO+1xURTata5Xqnfimv\nAUb6JO9adIZU1LffudXILwiq8JJ9Ov1C4ShzsYXPr2prEydxuRaHlDjLIQ5jukfy\n3X5URbt+8ZJKRF/cQBRPZPa+4lhVhIkqik4Lc+calxRMQOr7ehiGuA8zv1+LegZt\ng/e+DAL4gKQMocavs0FjLH/OjauAwc6UsIcOPoNe+FkHQPXjVOqwX5tZwHnoUJGU\nSA7VF5OswTr7CfVZXc5CIBnuzmpeYGJIKUgHFz21/hARUXmFt2j7FkAE0XljGhWu\nPGgJ6wyU+bjaDiJ8APH9aJ0RGgkL87cg5tGHmzwheOkV1B+kd2oAMWY9f94pMHR9\n0wsAAAc4dcMk93XDJPcAAAAHc3NoLXJzYQAAAgEAw6ME8HDal8QD8GB/ONCGeD5J\nNx9mHL6rMxPjpIz3/mFJypO6gdYlL5pWbGfrqB/fl8N61XL11i4oF3Y/YaqiX3qT\n3qutFHJvi2mJuKjqYpJEpvwx45Dbv2BawEXzMU6oos0J5uYxDHYnqDlvfaqzUXVJ\ntPIc937jO2VXT8oLwPJJOsl9YjwS6jxuCKG2WChQWP63IlC6LzPT2UCsZrARoNCx\n+wnBWUbiZacBJo5j57JlTH9Lrj6wL7JGLcWD3RP6K3YvOkd6PmxnBuLNTHgBV1Cp\n+KeUUxzk8z8gDCIOyMb/52rbzWQiRTxa3Jf+3ol19Ri2NbgojpxV/cAwlEPSbvO+\n1xURTata5XqnfimvAUb6JO9adIZU1LffudXILwiq8JJ9Ov1C4ShzsYXPr2prEydx\nuRaHlDjLIQ5jukfy3X5URbt+8ZJKRF/cQBRPZPa+4lhVhIkqik4Lc+calxRMQOr7\nehiGuA8zv1+LegZtg/e+DAL4gKQMocavs0FjLH/OjauAwc6UsIcOPoNe+FkHQPXj\nVOqwX5tZwHnoUJGUSA7VF5OswTr7CfVZXc5CIBnuzmpeYGJIKUgHFz21/hARUXmF\nt2j7FkAE0XljGhWuPGgJ6wyU+bjaDiJ8APH9aJ0RGgkL87cg5tGHmzwheOkV1B+k\nd2oAMWY9f94pMHR90wsAAAADAQABAAACAEdv8K7H1tpSRknxQqOBaYjg3aVWPthC\nO4uUOKzumOP3rJVfalxc0QlX5zUAoYmr0d6+D81/hAtooVUn5a8JOu94eCR4NeRg\ngSC8MgEPFT9XP+Bl+OWrEMMKMTlCkbIwkd2Y14PMDJ8LSiHgjzipK3+UP4zmV/N8\nDweyUradBbu3/UuNJc7INvP3iwp12nrIhcZphH/wUHxKBZKwTgPVSSqa6lLL1iF+\ng88ws3fbyNljSCAt33nKBFX2WDAAjs0crV5PcqFqVlYTCW/3Q5Ynv/2dQ+O7dar/\nww6bv10O1q00FV/wokCWzvjPODKTAgtK0JrmIirti0nABpp5IoQRW/ZqV3qsa9F0\neM6iYRQWPOTWKmPWrGqcIkmWR4hPo+Q/FsjLydo3/1s956vZezmOjWbIBBm4tAUH\ntrjEkRZp5A5lUbwtbBsO+2AlMFyFpXNzGQOtqheM+eko/I0qe9Lq97jRVO60Hf2h\nZNtcjoJhaqKU9w1jZX8hU8w5Qa7KsdU4f0KC5U38jWKMP+rziB7GwPH+N4Z50SLL\nFHcEHbai9pqXfuHusUlJCCXUefJ+WRHHHK4322cOORQhpazk6BhWbpOtl/L9igu6\nVbyAHbV4ZZB8QWr7Jz3JpY3mV+3io/DJAoz4PZUd37dM3e/IVdA1KoG0yWheg7Eo\nA8/SOclmKtMZAAABAAtO+AeFqxF/X5hwqEbhFvzfiN1DSJH7M4/8H5CMtlWyYrtu\ngn2V624QWNbEvCPf/Egw6NCttnq4konKkxOF9C/Sh7e3Q16mzrB1tPV6v/lN+Tah\n3ZKHE349S5+Xfqt16XQSLo+owLiW+nYOEANQN6vbRQ3f1o1qfjWSNEIXOF474swx\n/9UX5GSoqMvST9+NezGOG9cPhBfoiEgcz4tvwfHZwrnSTMwzEGl/sUv4YmGWl6aB\nwawV9MK6SKGatvKHO9dsEzBb1s8lMxXrJ2of9vWrERWVaiUijwWHumVChmURQ930\njS0Z6XJcgD1WlaVH2AeBgDWqUnS0MuiaGZiuS08AAAEBANeY/EweS8qrGwdCv7zV\n6hK6I+74XQcvd4RJxPloIAgrAJpQ5b4QZ/z0YhSfk1+zhweeGMsEbIMRmJ4o6Rxd\n9S0qQVxYB0Kzh+edd6S8f1wMuIeUBU3A2le50Vi0UtqU914AcrlcK9/EcEzeMn2h\nOGgs1lIpJXjcEZ5jXkNW0VwZ8DT23IaeRgofwXCCQu/wxs3dET6HZLOqg6gwkKTf\nGE59rPHoFmpmiikANGICLrCDR1o54Z+AJzA/S7vX0w9dT0Bg/6mda9B10HAiKKAz\nDQvEOpKfwX8ivwmc2POlvgBBGdeyxGhFs9oHfHDIaJEc5wqmK11/RdqZ4Rzy+4mQ\n5BcAAAEBAOhMcKgqxjnLHGQZaxbBX6g35S1ETqAS3wexZlZVmQUyEnOoQzZuCLSC\nxKmw374taHGnCsd6EK5g1eJ4FNelCUAZr//bOdLqmkZTXi2inEHDaPR/ln+M7Fbr\ncN3I/9mKD5dshy8bH+bhMj0t2jfcdX+9LB9ThyBVJHSHbI4Ep59c0j4Rpaz+6J1R\ngzATdychZuY1WNQODxE9wh/P1Q41op6C2qupN8gwTEXUobvM7Ekpkw9P7Xj0+fHD\njZAgq9Y8PTp2lDHcKPB9WuVkyLNazh9v4KFM9eRWFb/WwZz0ebRX3nHTl3FLBHK7\nc7JlKCVHxHixLXy1TFbAXakX33Id/S0AAAAAAQID\n-----END OPENSSH PRIVATE KEY-----\n",
            "private_key_pem": "-----BEGIN RSA PRIVATE KEY-----\nMIIJKQIBAAKCAgEAw6ME8HDal8QD8GB/ONCGeD5JNx9mHL6rMxPjpIz3/mFJypO6\ngdYlL5pWbGfrqB/fl8N61XL11i4oF3Y/YaqiX3qT3qutFHJvi2mJuKjqYpJEpvwx\n45Dbv2BawEXzMU6oos0J5uYxDHYnqDlvfaqzUXVJtPIc937jO2VXT8oLwPJJOsl9\nYjwS6jxuCKG2WChQWP63IlC6LzPT2UCsZrARoNCx+wnBWUbiZacBJo5j57JlTH9L\nrj6wL7JGLcWD3RP6K3YvOkd6PmxnBuLNTHgBV1Cp+KeUUxzk8z8gDCIOyMb/52rb\nzWQiRTxa3Jf+3ol19Ri2NbgojpxV/cAwlEPSbvO+1xURTata5XqnfimvAUb6JO9a\ndIZU1LffudXILwiq8JJ9Ov1C4ShzsYXPr2prEydxuRaHlDjLIQ5jukfy3X5URbt+\n8ZJKRF/cQBRPZPa+4lhVhIkqik4Lc+calxRMQOr7ehiGuA8zv1+LegZtg/e+DAL4\ngKQMocavs0FjLH/OjauAwc6UsIcOPoNe+FkHQPXjVOqwX5tZwHnoUJGUSA7VF5Os\nwTr7CfVZXc5CIBnuzmpeYGJIKUgHFz21/hARUXmFt2j7FkAE0XljGhWuPGgJ6wyU\n+bjaDiJ8APH9aJ0RGgkL87cg5tGHmzwheOkV1B+kd2oAMWY9f94pMHR90wsCAwEA\nAQKCAgBHb/Cux9baUkZJ8UKjgWmI4N2lVj7YQjuLlDis7pjj96yVX2pcXNEJV+c1\nAKGJq9Hevg/Nf4QLaKFVJ+WvCTrveHgkeDXkYIEgvDIBDxU/Vz/gZfjlqxDDCjE5\nQpGyMJHdmNeDzAyfC0oh4I84qSt/lD+M5lfzfA8HslK2nQW7t/1LjSXOyDbz94sK\nddp6yIXGaYR/8FB8SgWSsE4D1UkqmupSy9YhfoPPMLN328jZY0ggLd95ygRV9lgw\nAI7NHK1eT3KhalZWEwlv90OWJ7/9nUPju3Wq/8MOm79dDtatNBVf8KJAls74zzgy\nkwILStCa5iIq7YtJwAaaeSKEEVv2ald6rGvRdHjOomEUFjzk1ipj1qxqnCJJlkeI\nT6PkPxbIy8naN/9bPeer2Xs5jo1myAQZuLQFB7a4xJEWaeQOZVG8LWwbDvtgJTBc\nhaVzcxkDraoXjPnpKPyNKnvS6ve40VTutB39oWTbXI6CYWqilPcNY2V/IVPMOUGu\nyrHVOH9CguVN/I1ijD/q84gexsDx/jeGedEiyxR3BB22ovaal37h7rFJSQgl1Hny\nflkRxxyuN9tnDjkUIaWs5OgYVm6TrZfy/YoLulW8gB21eGWQfEFq+yc9yaWN5lft\n4qPwyQKM+D2VHd+3TN3vyFXQNSqBtMloXoOxKAPP0jnJZirTGQKCAQEA15j8TB5L\nyqsbB0K/vNXqEroj7vhdBy93hEnE+WggCCsAmlDlvhBn/PRiFJ+TX7OHB54YywRs\ngxGYnijpHF31LSpBXFgHQrOH5513pLx/XAy4h5QFTcDaV7nRWLRS2pT3XgByuVwr\n38RwTN4yfaE4aCzWUikleNwRnmNeQ1bRXBnwNPbchp5GCh/BcIJC7/DGzd0RPodk\ns6qDqDCQpN8YTn2s8egWamaKKQA0YgIusINHWjnhn4AnMD9Lu9fTD11PQGD/qZ1r\n0HXQcCIooDMNC8Q6kp/BfyK/CZzY86W+AEEZ17LEaEWz2gd8cMhokRznCqYrXX9F\n2pnhHPL7iZDkFwKCAQEA6ExwqCrGOcscZBlrFsFfqDflLUROoBLfB7FmVlWZBTIS\nc6hDNm4ItILEqbDfvi1ocacKx3oQrmDV4ngU16UJQBmv/9s50uqaRlNeLaKcQcNo\n9H+Wf4zsVutw3cj/2YoPl2yHLxsf5uEyPS3aN9x1f70sH1OHIFUkdIdsjgSnn1zS\nPhGlrP7onVGDMBN3JyFm5jVY1A4PET3CH8/VDjWinoLaq6k3yDBMRdShu8zsSSmT\nD0/tePT58cONkCCr1jw9OnaUMdwo8H1a5WTIs1rOH2/goUz15FYVv9bBnPR5tFfe\ncdOXcUsEcrtzsmUoJUfEeLEtfLVMVsBdqRffch39LQKCAQEApzMMztdb/fPOhUX9\nvqvC2P0kauqP8secD6rKKIXY+Zyn3gVI9qpwitrXyZiryTdIS98O6TsoEEmwK1Ac\n4JP5VSqE/+GA1/i1OCmFpOtOdguje/mOV2ttqUUBFqLZ8ow+ftcoIZpaqDIGyYY0\nb/t87EWBfLxORDmfLE9xxhVpTd0LzXd5NKlANg/Ei8VptfzroLGF8xE7Rp7Bdckc\nE9C0YALVAdH0uFWHZh6zgSKiJN/akR18XZ8cRS2BRU8ubqb1lD7lZxwfhc4odR34\nlayhvHNU3Wspu7gtoX3TPrlV7YqPSRlpelg8D6Vom2rAtXFNuJN/5AWVHd/ilfnW\nmywTxwKCAQEAoEF7xsgbkGtK3tOaSUyGTWqiNCRXiZ77NjdwPkc3FZqBmECQfdBT\nORStz9Mxx+VTlHSEvzC6qVIsu9vTpSE5zHrsLDp1HcizPajt49W2rre8hFAw5zW1\nJhGu/5JWzyCruO8qI5k23PSm0AX98WOpu8Ip2kKpieizCaEThrY3XX2PnTpXbY09\ntKozMst6/AfTESXkbgZ05pQQhBnBBdiCo4/qg1puHTEUrWgPW5v3tlF0HrApR7TZ\naaxa0P95DIbqRpbfjbYwmBgiyPZKb1FJue5YrW6GhEvPHVVupHUUMRIdZ7FtXL9A\nBlbDbmLS20UziX/RvaLlU0PKWYkaoYOG0QKCAQALTvgHhasRf1+YcKhG4Rb834jd\nQ0iR+zOP/B+QjLZVsmK7boJ9letuEFjWxLwj3/xIMOjQrbZ6uJKJypMThfQv0oe3\nt0Neps6wdbT1er/5Tfk2od2ShxN+PUufl36rdel0Ei6PqMC4lvp2DhADUDer20UN\n39aNan41kjRCFzheO+LMMf/VF+RkqKjL0k/fjXsxjhvXD4QX6IhIHM+Lb8Hx2cK5\n0kzMMxBpf7FL+GJhlpemgcGsFfTCukihmrbyhzvXbBMwW9bPJTMV6ydqH/b1qxEV\nlWolIo8Fh7plQoZlEUPd9I0tGelyXIA9VpWlR9gHgYA1qlJ0tDLomhmYrktP\n-----END RSA PRIVATE KEY-----\n",
            "private_key_pem_pkcs8": "-----BEGIN PRIVATE KEY-----\nMIIJQwIBADANBgkqhkiG9w0BAQEFAASCCS0wggkpAgEAAoICAQDDowTwcNqXxAPw\nYH840IZ4Pkk3H2YcvqszE+OkjPf+YUnKk7qB1iUvmlZsZ+uoH9+Xw3rVcvXWLigX\ndj9hqqJfepPeq60Ucm+LaYm4qOpikkSm/DHjkNu/YFrARfMxTqiizQnm5jEMdieo\nOW99qrNRdUm08hz3fuM7ZVdPygvA8kk6yX1iPBLqPG4IobZYKFBY/rciULovM9PZ\nQKxmsBGg0LH7CcFZRuJlpwEmjmPnsmVMf0uuPrAvskYtxYPdE/ordi86R3o+bGcG\n4s1MeAFXUKn4p5RTHOTzPyAMIg7Ixv/natvNZCJFPFrcl/7eiXX1GLY1uCiOnFX9\nwDCUQ9Ju877XFRFNq1rleqd+Ka8BRvok71p0hlTUt9+51cgvCKrwkn06/ULhKHOx\nhc+vamsTJ3G5FoeUOMshDmO6R/LdflRFu37xkkpEX9xAFE9k9r7iWFWEiSqKTgtz\n5xqXFExA6vt6GIa4DzO/X4t6Bm2D974MAviApAyhxq+zQWMsf86Nq4DBzpSwhw4+\ng174WQdA9eNU6rBfm1nAeehQkZRIDtUXk6zBOvsJ9VldzkIgGe7Oal5gYkgpSAcX\nPbX+EBFReYW3aPsWQATReWMaFa48aAnrDJT5uNoOInwA8f1onREaCQvztyDm0Yeb\nPCF46RXUH6R3agAxZj1/3ikwdH3TCwIDAQABAoICAEdv8K7H1tpSRknxQqOBaYjg\n3aVWPthCO4uUOKzumOP3rJVfalxc0QlX5zUAoYmr0d6+D81/hAtooVUn5a8JOu94\neCR4NeRggSC8MgEPFT9XP+Bl+OWrEMMKMTlCkbIwkd2Y14PMDJ8LSiHgjzipK3+U\nP4zmV/N8DweyUradBbu3/UuNJc7INvP3iwp12nrIhcZphH/wUHxKBZKwTgPVSSqa\n6lLL1iF+g88ws3fbyNljSCAt33nKBFX2WDAAjs0crV5PcqFqVlYTCW/3Q5Ynv/2d\nQ+O7dar/ww6bv10O1q00FV/wokCWzvjPODKTAgtK0JrmIirti0nABpp5IoQRW/Zq\nV3qsa9F0eM6iYRQWPOTWKmPWrGqcIkmWR4hPo+Q/FsjLydo3/1s956vZezmOjWbI\nBBm4tAUHtrjEkRZp5A5lUbwtbBsO+2AlMFyFpXNzGQOtqheM+eko/I0qe9Lq97jR\nVO60Hf2hZNtcjoJhaqKU9w1jZX8hU8w5Qa7KsdU4f0KC5U38jWKMP+rziB7GwPH+\nN4Z50SLLFHcEHbai9pqXfuHusUlJCCXUefJ+WRHHHK4322cOORQhpazk6BhWbpOt\nl/L9igu6VbyAHbV4ZZB8QWr7Jz3JpY3mV+3io/DJAoz4PZUd37dM3e/IVdA1KoG0\nyWheg7EoA8/SOclmKtMZAoIBAQDXmPxMHkvKqxsHQr+81eoSuiPu+F0HL3eEScT5\naCAIKwCaUOW+EGf89GIUn5Nfs4cHnhjLBGyDEZieKOkcXfUtKkFcWAdCs4fnnXek\nvH9cDLiHlAVNwNpXudFYtFLalPdeAHK5XCvfxHBM3jJ9oThoLNZSKSV43BGeY15D\nVtFcGfA09tyGnkYKH8FwgkLv8MbN3RE+h2SzqoOoMJCk3xhOfazx6BZqZoopADRi\nAi6wg0daOeGfgCcwP0u719MPXU9AYP+pnWvQddBwIiigMw0LxDqSn8F/Ir8JnNjz\npb4AQRnXssRoRbPaB3xwyGiRHOcKpitdf0XameEc8vuJkOQXAoIBAQDoTHCoKsY5\nyxxkGWsWwV+oN+UtRE6gEt8HsWZWVZkFMhJzqEM2bgi0gsSpsN++LWhxpwrHehCu\nYNXieBTXpQlAGa//2znS6ppGU14topxBw2j0f5Z/jOxW63DdyP/Zig+XbIcvGx/m\n4TI9Ldo33HV/vSwfU4cgVSR0h2yOBKefXNI+EaWs/uidUYMwE3cnIWbmNVjUDg8R\nPcIfz9UONaKegtqrqTfIMExF1KG7zOxJKZMPT+149Pnxw42QIKvWPD06dpQx3Cjw\nfVrlZMizWs4fb+ChTPXkVhW/1sGc9Hm0V95x05dxSwRyu3OyZSglR8R4sS18tUxW\nwF2pF99yHf0tAoIBAQCnMwzO11v9886FRf2+q8LY/SRq6o/yx5wPqsoohdj5nKfe\nBUj2qnCK2tfJmKvJN0hL3w7pOygQSbArUBzgk/lVKoT/4YDX+LU4KYWk6052C6N7\n+Y5Xa22pRQEWotnyjD5+1yghmlqoMgbJhjRv+3zsRYF8vE5EOZ8sT3HGFWlN3QvN\nd3k0qUA2D8SLxWm1/OugsYXzETtGnsF1yRwT0LRgAtUB0fS4VYdmHrOBIqIk39qR\nHXxdnxxFLYFFTy5upvWUPuVnHB+Fzih1HfiVrKG8c1Tdaym7uC2hfdM+uVXtio9J\nGWl6WDwPpWibasC1cU24k3/kBZUd3+KV+dabLBPHAoIBAQCgQXvGyBuQa0re05pJ\nTIZNaqI0JFeJnvs2N3A+RzcVmoGYQJB90FM5FK3P0zHH5VOUdIS/MLqpUiy729Ol\nITnMeuwsOnUdyLM9qO3j1baut7yEUDDnNbUmEa7/klbPIKu47yojmTbc9KbQBf3x\nY6m7winaQqmJ6LMJoROGtjddfY+dOldtjT20qjMyy3r8B9MRJeRuBnTmlBCEGcEF\n2IKjj+qDWm4dMRStaA9bm/e2UXQesClHtNlprFrQ/3kMhupGlt+NtjCYGCLI9kpv\nUUm57litboaES88dVW6kdRQxEh1nsW1cv0AGVsNuYtLbRTOJf9G9ouVTQ8pZiRqh\ng4bRAoIBAAtO+AeFqxF/X5hwqEbhFvzfiN1DSJH7M4/8H5CMtlWyYrtugn2V624Q\nWNbEvCPf/Egw6NCttnq4konKkxOF9C/Sh7e3Q16mzrB1tPV6v/lN+Tah3ZKHE349\nS5+Xfqt16XQSLo+owLiW+nYOEANQN6vbRQ3f1o1qfjWSNEIXOF474swx/9UX5GSo\nqMvST9+NezGOG9cPhBfoiEgcz4tvwfHZwrnSTMwzEGl/sUv4YmGWl6aBwawV9MK6\nSKGatvKHO9dsEzBb1s8lMxXrJ2of9vWrERWVaiUijwWHumVChmURQ930jS0Z6XJc\ngD1WlaVH2AeBgDWqUnS0MuiaGZiuS08=\n-----END PRIVATE KEY-----\n",
            "public_key_fingerprint_md5": "8e:bf:f0:dc:19:4f:3f:27:5c:d5:ff:9b:95:4f:9a:9a",
            "public_key_fingerprint_sha256": "SHA256:vkVaMhOPbfGF24imzGpYivPftqE17PVr79h7U6zoRWY",
            "public_key_openssh": "ssh-rsa AAAAB3NzaC1yc2EAAAADAQABAAACAQDDowTwcNqXxAPwYH840IZ4Pkk3H2YcvqszE+OkjPf+YUnKk7qB1iUvmlZsZ+uoH9+Xw3rVcvXWLigXdj9hqqJfepPeq60Ucm+LaYm4qOpikkSm/DHjkNu/YFrARfMxTqiizQnm5jEMdieoOW99qrNRdUm08hz3fuM7ZVdPygvA8kk6yX1iPBLqPG4IobZYKFBY/rciULovM9PZQKxmsBGg0LH7CcFZRuJlpwEmjmPnsmVMf0uuPrAvskYtxYPdE/ordi86R3o+bGcG4s1MeAFXUKn4p5RTHOTzPyAMIg7Ixv/natvNZCJFPFrcl/7eiXX1GLY1uCiOnFX9wDCUQ9Ju877XFRFNq1rleqd+Ka8BRvok71p0hlTUt9+51cgvCKrwkn06/ULhKHOxhc+vamsTJ3G5FoeUOMshDmO6R/LdflRFu37xkkpEX9xAFE9k9r7iWFWEiSqKTgtz5xqXFExA6vt6GIa4DzO/X4t6Bm2D974MAviApAyhxq+zQWMsf86Nq4DBzpSwhw4+g174WQdA9eNU6rBfm1nAeehQkZRIDtUXk6zBOvsJ9VldzkIgGe7Oal5gYkgpSAcXPbX+EBFReYW3aPsWQATReWMaFa48aAnrDJT5uNoOInwA8f1onREaCQvztyDm0YebPCF46RXUH6R3agAxZj1/3ikwdH3TCw==\n",
            "public_key_pem": "-----BEGIN PUBLIC KEY-----\nMIICIjANBgkqhkiG9w0BAQEFAAOCAg8AMIICCgKCAgEAw6ME8HDal8QD8GB/ONCG\neD5JNx9mHL6rMxPjpIz3/mFJypO6gdYlL5pWbGfrqB/fl8N61XL11i4oF3Y/Yaqi\nX3qT3qutFHJvi2mJuKjqYpJEpvwx45Dbv2BawEXzMU6oos0J5uYxDHYnqDlvfaqz\nUXVJtPIc937jO2VXT8oLwPJJOsl9YjwS6jxuCKG2WChQWP63IlC6LzPT2UCsZrAR\noNCx+wnBWUbiZacBJo5j57JlTH9Lrj6wL7JGLcWD3RP6K3YvOkd6PmxnBuLNTHgB\nV1Cp+KeUUxzk8z8gDCIOyMb/52rbzWQiRTxa3Jf+3ol19Ri2NbgojpxV/cAwlEPS\nbvO+1xURTata5XqnfimvAUb6JO9adIZU1LffudXILwiq8JJ9Ov1C4ShzsYXPr2pr\nEydxuRaHlDjLIQ5jukfy3X5URbt+8ZJKRF/cQBRPZPa+4lhVhIkqik4Lc+calxRM\nQOr7ehiGuA8zv1+LegZtg/e+DAL4gKQMocavs0FjLH/OjauAwc6UsIcOPoNe+FkH\nQPXjVOqwX5tZwHnoUJGUSA7VF5OswTr7CfVZXc5CIBnuzmpeYGJIKUgHFz21/hAR\nUXmFt2j7FkAE0XljGhWuPGgJ6wyU+bjaDiJ8APH9aJ0RGgkL87cg5tGHmzwheOkV\n1B+kd2oAMWY9f94pMHR90wsCAwEAAQ==\n-----END PUBLIC KEY-----\n",
            "rsa_bits": 4096
          },
          "sensitive_attributes": [
            [
              {
                "type": "get_attr",
                "value": "private_key_pem"
              }
            ],
            [
              {
                "type": "get_attr",
                "value": "private_key_pem_pkcs8"
              }
            ],
            [
              {
                "type": "get_attr",
                "value": "private_key_openssh"
              }
            ]
          ]
        }
      ]
    }
  ],
  "check_results": null
}
