# This file is automatically @generated by Cargo.
# It is not intended for manual editing.
version = 3

[[package]]
name = "hydroflow"
version = "0.1.0"
dependencies = [
 "slotmap",
 "tuple_list",
]

[[package]]
name = "slotmap"
version = "1.0.6"
source = "registry+https://github.com/rust-lang/crates.io-index"
checksum = "e1e08e261d0e8f5c43123b7adf3e4ca1690d655377ac93a03b2c9d3e98de1342"
dependencies = [
 "version_check",
]

[[package]]
name = "tuple_list"
version = "0.1.3"
source = "registry+https://github.com/rust-lang/crates.io-index"
checksum = "141fb9f71ee586d956d7d6e4d5a9ef8e946061188520140f7591b668841d502e"

[[package]]
name = "version_check"
version = "0.9.3"
source = "registry+https://github.com/rust-lang/crates.io-index"
checksum = "5fecdca9a5291cc2b8dcf7dc02453fee791a280f3743cb0905f8822ae463b3fe"
